Microsoft Visual Studio Solution File, Format Version 12.00
# Visual Studio Version 17
Project("{FAE04EC0-301F-11D3-BF4B-00C04F79EFBC}") = "BlueOdyssey", "BlueOdyssey\BlueOdyssey.csproj", "{B2F3E76E-C6D1-4A13-93C5-06B524D4973B}"
EndProject
Global
	GlobalSection(SolutionConfigurationPlatforms) = preSolution
		Debug|Any CPU = Debug|Any CPU
		Release|Any CPU = Release|Any CPU
	EndGlobalSection
	GlobalSection(ProjectConfigurationPlatforms) = postSolution
		{B2F3E76E-C6D1-4A13-93C5-06B524D4973B}.Debug|Any CPU.ActiveCfg = Debug|Any CPU
		{B2F3E76E-C6D1-4A13-93C5-06B524D4973B}.Debug|Any CPU.Build.0 = Debug|Any CPU
		{B2F3E76E-C6D1-4A13-93C5-06B524D4973B}.Release|Any CPU.ActiveCfg = Release|Any CPU
		{B2F3E76E-C6D1-4A13-93C5-06B524D4973B}.Release|Any CPU.Build.0 = Release|Any CPU
	EndGlobalSection
EndGlobal